// !$*UTF8*$!
{
	archiveVersion = 1;
	classes = {
	};
	objectVersion = 50;
	objects = {

/* Begin PBXBuildFile section */
		341A0F5AE5E246FED4C2B285 /* Pods_taiwan.framework in Frameworks */ = {isa = PBXBuildFile; fileRef = 0400C0F670A6A482B17A9DD5 /* Pods_taiwan.framework */; };
		923E5B7B20E70C2E007D9AA4 /* AppDelegate.swift in Sources */ = {isa = PBXBuildFile; fileRef = 923E5B7A20E70C2E007D9AA4 /* AppDelegate.swift */; };
		923E5B7D20E70C2E007D9AA4 /* ViewController.swift in Sources */ = {isa = PBXBuildFile; fileRef = 923E5B7C20E70C2E007D9AA4 /* ViewController.swift */; };
		923E5B8020E70C2E007D9AA4 /* Main.storyboard in Resources */ = {isa = PBXBuildFile; fileRef = 923E5B7E20E70C2E007D9AA4 /* Main.storyboard */; };
		923E5B8220E70C3C007D9AA4 /* Assets.xcassets in Resources */ = {isa = PBXBuildFile; fileRef = 923E5B8120E70C3C007D9AA4 /* Assets.xcassets */; };
		923E5B8520E70C3C007D9AA4 /* LaunchScreen.storyboard in Resources */ = {isa = PBXBuildFile; fileRef = 923E5B8320E70C3C007D9AA4 /* LaunchScreen.storyboard */; };
		9257841620EA232100C1F8EB /* PhotoScreenViewController.swift in Sources */ = {isa = PBXBuildFile; fileRef = 9257841520EA232100C1F8EB /* PhotoScreenViewController.swift */; };
		928F6F5420EBBC8100FF55E2 /* Photos.plist in Resources */ = {isa = PBXBuildFile; fileRef = 928F6F5320EBBC8100FF55E2 /* Photos.plist */; };
/* End PBXBuildFile section */

/* Begin PBXFileReference section */
		0400C0F670A6A482B17A9DD5 /* Pods_taiwan.framework */ = {isa = PBXFileReference; explicitFileType = wrapper.framework; includeInIndex = 0; path = Pods_taiwan.framework; sourceTree = BUILT_PRODUCTS_DIR; };
		71E46CA831514DEF9692441A /* Pods-taiwan.release.xcconfig */ = {isa = PBXFileReference; includeInIndex = 1; lastKnownFileType = text.xcconfig; name = "Pods-taiwan.release.xcconfig"; path = "Pods/Target Support Files/Pods-taiwan/Pods-taiwan.release.xcconfig"; sourceTree = "<group>"; };
		837479F3E71BD16069AABBF3 /* Pods-taiwan.debug.xcconfig */ = {isa = PBXFileReference; includeInIndex = 1; lastKnownFileType = text.xcconfig; name = "Pods-taiwan.debug.xcconfig"; path = "Pods/Target Support Files/Pods-taiwan/Pods-taiwan.debug.xcconfig"; sourceTree = "<group>"; };
		923E5B7A20E70C2E007D9AA4 /* AppDelegate.swift */ = {isa = PBXFileReference; lastKnownFileType = sourcecode.swift; path = AppDelegate.swift; sourceTree = "<group>"; };
		923E5B7C20E70C2E007D9AA4 /* ViewController.swift */ = {isa = PBXFileReference; lastKnownFileType = sourcecode.swift; path = ViewController.swift; sourceTree = "<group>"; };
		923E5B7F20E70C2E007D9AA4 /* Base */ = {isa = PBXFileReference; lastKnownFileType = file.storyboard; name = Base; path = Base.lproj/Main.storyboard; sourceTree = "<group>"; };
		923E5B8120E70C3C007D9AA4 /* Assets.xcassets */ = {isa = PBXFileReference; lastKnownFileType = folder.assetcatalog; path = Assets.xcassets; sourceTree = "<group>"; };
		923E5B8420E70C3C007D9AA4 /* Base */ = {isa = PBXFileReference; lastKnownFileType = file.storyboard; name = Base; path = Base.lproj/LaunchScreen.storyboard; sourceTree = "<group>"; };
		923E5B8620E70C3C007D9AA4 /* Info.plist */ = {isa = PBXFileReference; lastKnownFileType = text.plist.xml; path = Info.plist; sourceTree = "<group>"; };
		9257841320EA22A600C1F8EB /* taiwan.app */ = {isa = PBXFileReference; explicitFileType = wrapper.application; includeInIndex = 0; path = taiwan.app; sourceTree = BUILT_PRODUCTS_DIR; };
		9257841520EA232100C1F8EB /* PhotoScreenViewController.swift */ = {isa = PBXFileReference; lastKnownFileType = sourcecode.swift; path = PhotoScreenViewController.swift; sourceTree = "<group>"; };
		928F6F5320EBBC8100FF55E2 /* Photos.plist */ = {isa = PBXFileReference; fileEncoding = 4; lastKnownFileType = text.plist.xml; path = Photos.plist; sourceTree = "<group>"; };
/* End PBXFileReference section */

/* Begin PBXFrameworksBuildPhase section */
		923E5B7420E70C2E007D9AA4 /* Frameworks */ = {
			isa = PBXFrameworksBuildPhase;
			buildActionMask = 2147483647;
			files = (
				341A0F5AE5E246FED4C2B285 /* Pods_taiwan.framework in Frameworks */,
			);
			runOnlyForDeploymentPostprocessing = 0;
		};
/* End PBXFrameworksBuildPhase section */

/* Begin PBXGroup section */
		8611F810A25A029870B50999 /* Pods */ = {
			isa = PBXGroup;
			children = (
				837479F3E71BD16069AABBF3 /* Pods-taiwan.debug.xcconfig */,
				71E46CA831514DEF9692441A /* Pods-taiwan.release.xcconfig */,
			);
			name = Pods;
			sourceTree = "<group>";
		};
		923E5B6E20E70C2E007D9AA4 = {
			isa = PBXGroup;
			children = (
				923E5B7920E70C2E007D9AA4 /* taiwan */,
				9257841320EA22A600C1F8EB /* taiwan.app */,
				8611F810A25A029870B50999 /* Pods */,
				B92F066E6A6E74E8DD5E4C3B /* Frameworks */,
			);
			sourceTree = "<group>";
		};
		923E5B7920E70C2E007D9AA4 /* taiwan */ = {
			isa = PBXGroup;
			children = (
				923E5B7A20E70C2E007D9AA4 /* AppDelegate.swift */,
				9257841420EA22F300C1F8EB /* View Controllers */,
				923E5B7E20E70C2E007D9AA4 /* Main.storyboard */,
				923E5B8120E70C3C007D9AA4 /* Assets.xcassets */,
				923E5B8320E70C3C007D9AA4 /* LaunchScreen.storyboard */,
				923E5B8620E70C3C007D9AA4 /* Info.plist */,
			);
			path = taiwan;
			sourceTree = "<group>";
		};
		9257841420EA22F300C1F8EB /* View Controllers */ = {
			isa = PBXGroup;
			children = (
				923E5B7C20E70C2E007D9AA4 /* ViewController.swift */,
				9257841520EA232100C1F8EB /* PhotoScreenViewController.swift */,
				928F6F5320EBBC8100FF55E2 /* Photos.plist */,
			);
			path = "View Controllers";
			sourceTree = "<group>";
		};
		B92F066E6A6E74E8DD5E4C3B /* Frameworks */ = {
			isa = PBXGroup;
			children = (
				0400C0F670A6A482B17A9DD5 /* Pods_taiwan.framework */,
			);
			name = Frameworks;
			sourceTree = "<group>";
		};
/* End PBXGroup section */

/* Begin PBXNativeTarget section */
		923E5B7620E70C2E007D9AA4 /* taiwan */ = {
			isa = PBXNativeTarget;
			buildConfigurationList = 923E5B8920E70C3C007D9AA4 /* Build configuration list for PBXNativeTarget "taiwan" */;
			buildPhases = (
				F28EF15EE103F5E74016E95D /* [CP] Check Pods Manifest.lock */,
				923E5B7320E70C2E007D9AA4 /* Sources */,
				923E5B7420E70C2E007D9AA4 /* Frameworks */,
				923E5B7520E70C2E007D9AA4 /* Resources */,
				619D0AE761159FB9B5CF387B /* [CP] Embed Pods Frameworks */,
			);
			buildRules = (
			);
			dependencies = (
			);
			name = taiwan;
			productName = taiwan;
			productReference = 9257841320EA22A600C1F8EB /* taiwan.app */;
			productType = "com.apple.product-type.application";
		};
/* End PBXNativeTarget section */

/* Begin PBXProject section */
		923E5B6F20E70C2E007D9AA4 /* Project object */ = {
			isa = PBXProject;
			attributes = {
				LastSwiftUpdateCheck = 0940;
				LastUpgradeCheck = 0940;
				ORGANIZATIONNAME = "Kim Yeon Jeong";
				TargetAttributes = {
					923E5B7620E70C2E007D9AA4 = {
						CreatedOnToolsVersion = 9.4.1;
					};
				};
			};
			buildConfigurationList = 923E5B7220E70C2E007D9AA4 /* Build configuration list for PBXProject "taiwan" */;
			compatibilityVersion = "Xcode 9.3";
			developmentRegion = en;
			hasScannedForEncodings = 0;
			knownRegions = (
				en,
				Base,
			);
			mainGroup = 923E5B6E20E70C2E007D9AA4;
			productRefGroup = 923E5B6E20E70C2E007D9AA4;
			projectDirPath = "";
			projectRoot = "";
			targets = (
				923E5B7620E70C2E007D9AA4 /* taiwan */,
			);
		};
/* End PBXProject section */

/* Begin PBXResourcesBuildPhase section */
		923E5B7520E70C2E007D9AA4 /* Resources */ = {
			isa = PBXResourcesBuildPhase;
			buildActionMask = 2147483647;
			files = (
				923E5B8520E70C3C007D9AA4 /* LaunchScreen.storyboard in Resources */,
				923E5B8220E70C3C007D9AA4 /* Assets.xcassets in Resources */,
				923E5B8020E70C2E007D9AA4 /* Main.storyboard in Resources */,
				928F6F5420EBBC8100FF55E2 /* Photos.plist in Resources */,
			);
			runOnlyForDeploymentPostprocessing = 0;
		};
/* End PBXResourcesBuildPhase section */

/* Begin PBXShellScriptBuildPhase section */
		619D0AE761159FB9B5CF387B /* [CP] Embed Pods Frameworks */ = {
			isa = PBXShellScriptBuildPhase;
			buildActionMask = 2147483647;
			files = (
			);
			inputPaths = (
				"${SRCROOT}/Pods/Target Support Files/Pods-taiwan/Pods-taiwan-frameworks.sh",
				"${BUILT_PRODUCTS_DIR}/FAPanels/FAPanels.framework",
			);
			name = "[CP] Embed Pods Frameworks";
			outputPaths = (
				"${TARGET_BUILD_DIR}/${FRAMEWORKS_FOLDER_PATH}/FAPanels.framework",
			);
			runOnlyForDeploymentPostprocessing = 0;
			shellPath = /bin/sh;
			shellScript = "\"${SRCROOT}/Pods/Target Support Files/Pods-taiwan/Pods-taiwan-frameworks.sh\"\n";
			showEnvVarsInLog = 0;
		};
		F28EF15EE103F5E74016E95D /* [CP] Check Pods Manifest.lock */ = {
			isa = PBXShellScriptBuildPhase;
			buildActionMask = 2147483647;
			files = (
			);
			inputPaths = (
				"${PODS_PODFILE_DIR_PATH}/Podfile.lock",
				"${PODS_ROOT}/Manifest.lock",
			);
			name = "[CP] Check Pods Manifest.lock";
			outputPaths = (
				"$(DERIVED_FILE_DIR)/Pods-taiwan-checkManifestLockResult.txt",
			);
			runOnlyForDeploymentPostprocessing = 0;
			shellPath = /bin/sh;
			shellScript = "diff \"${PODS_PODFILE_DIR_PATH}/Podfile.lock\" \"${PODS_ROOT}/Manifest.lock\" > /dev/null\nif [ $? != 0 ] ; then\n    # print error to STDERR\n    echo \"error: The sandbox is not in sync with the Podfile.lock. Run 'pod install' or update your CocoaPods installation.\" >&2\n    exit 1\nfi\n# This output is used by Xcode 'outputs' to avoid re-running this script phase.\necho \"SUCCESS\" > \"${SCRIPT_OUTPUT_FILE_0}\"\n";
			showEnvVarsInLog = 0;
		};
/* End PBXShellScriptBuildPhase section */

/* Begin PBXSourcesBuildPhase section */
		923E5B7320E70C2E007D9AA4 /* Sources */ = {
			isa = PBXSourcesBuildPhase;
			buildActionMask = 2147483647;
			files = (
				923E5B7D20E70C2E007D9AA4 /* ViewController.swift in Sources */,
				923E5B7B20E70C2E007D9AA4 /* AppDelegate.swift in Sources */,
				9257841620EA232100C1F8EB /* PhotoScreenViewController.swift in Sources */,
			);
			runOnlyForDeploymentPostprocessing = 0;
		};
/* End PBXSourcesBuildPhase section */

/* Begin PBXVariantGroup section */
		923E5B7E20E70C2E007D9AA4 /* Main.storyboard */ = {
			isa = PBXVariantGroup;
			children = (
				923E5B7F20E70C2E007D9AA4 /* Base */,
			);
			name = Main.storyboard;
			sourceTree = "<group>";
		};
		923E5B8320E70C3C007D9AA4 /* LaunchScreen.storyboard */ = {
			isa = PBXVariantGroup;
			children = (
				923E5B8420E70C3C007D9AA4 /* Base */,
			);
			name = LaunchScreen.storyboard;
			sourceTree = "<group>";
		};
/* End PBXVariantGroup section */

/* Begin XCBuildConfiguration section */
		923E5B8720E70C3C007D9AA4 /* Debug */ = {
			isa = XCBuildConfiguration;
			buildSettings = {
				ALWAYS_SEARCH_USER_PATHS = NO;
				CLANG_ANALYZER_NONNULL = YES;
				CLANG_ANALYZER_NUMBER_OBJECT_CONVERSION = YES_AGGRESSIVE;
				CLANG_CXX_LANGUAGE_STANDARD = "gnu++14";
				CLANG_CXX_LIBRARY = "libc++";
				CLANG_ENABLE_MODULES = YES;
				CLANG_ENABLE_OBJC_ARC = YES;
				CLANG_ENABLE_OBJC_WEAK = YES;
				CLANG_WARN_BLOCK_CAPTURE_AUTORELEASING = YES;
				CLANG_WARN_BOOL_CONVERSION = YES;
				CLANG_WARN_COMMA = YES;
				CLANG_WARN_CONSTANT_CONVERSION = YES;
				CLANG_WARN_DEPRECATED_OBJC_IMPLEMENTATIONS = YES;
				CLANG_WARN_DIRECT_OBJC_ISA_USAGE = YES_ERROR;
				CLANG_WARN_DOCUMENTATION_COMMENTS = YES;
				CLANG_WARN_EMPTY_BODY = YES;
				CLANG_WARN_ENUM_CONVERSION = YES;
				CLANG_WARN_INFINITE_RECURSION = YES;
				CLANG_WARN_INT_CONVERSION = YES;
				CLANG_WARN_NON_LITERAL_NULL_CONVERSION = YES;
				CLANG_WARN_OBJC_IMPLICIT_RETAIN_SELF = YES;
				CLANG_WARN_OBJC_LITERAL_CONVERSION = YES;
				CLANG_WARN_OBJC_ROOT_CLASS = YES_ERROR;
				CLANG_WARN_RANGE_LOOP_ANALYSIS = YES;
				CLANG_WARN_STRICT_PROTOTYPES = YES;
				CLANG_WARN_SUSPICIOUS_MOVE = YES;
				CLANG_WARN_UNGUARDED_AVAILABILITY = YES_AGGRESSIVE;
				CLANG_WARN_UNREACHABLE_CODE = YES;
				CLANG_WARN__DUPLICATE_METHOD_MATCH = YES;
				CODE_SIGN_IDENTITY = "iPhone Developer";
				COPY_PHASE_STRIP = NO;
				DEBUG_INFORMATION_FORMAT = dwarf;
				ENABLE_STRICT_OBJC_MSGSEND = YES;
				ENABLE_TESTABILITY = YES;
				GCC_C_LANGUAGE_STANDARD = gnu11;
				GCC_DYNAMIC_NO_PIC = NO;
				GCC_NO_COMMON_BLOCKS = YES;
				GCC_OPTIMIZATION_LEVEL = 0;
				GCC_PREPROCESSOR_DEFINITIONS = (
					"DEBUG=1",
					"$(inherited)",
				);
				GCC_WARN_64_TO_32_BIT_CONVERSION = YES;
				GCC_WARN_ABOUT_RETURN_TYPE = YES_ERROR;
				GCC_WARN_UNDECLARED_SELECTOR = YES;
				GCC_WARN_UNINITIALIZED_AUTOS = YES_AGGRESSIVE;
				GCC_WARN_UNUSED_FUNCTION = YES;
				GCC_WARN_UNUSED_VARIABLE = YES;
				IPHONEOS_DEPLOYMENT_TARGET = 11.4;
				MTL_ENABLE_DEBUG_INFO = YES;
				ONLY_ACTIVE_ARCH = YES;
				SDKROOT = iphoneos;
				SWIFT_ACTIVE_COMPILATION_CONDITIONS = DEBUG;
				SWIFT_OPTIMIZATION_LEVEL = "-Onone";
			};
			name = Debug;
		};
		923E5B8820E70C3C007D9AA4 /* Release */ = {
			isa = XCBuildConfiguration;
			buildSettings = {
				ALWAYS_SEARCH_USER_PATHS = NO;
				CLANG_ANALYZER_NONNULL = YES;
				CLANG_ANALYZER_NUMBER_OBJECT_CONVERSION = YES_AGGRESSIVE;
				CLANG_CXX_LANGUAGE_STANDARD = "gnu++14";
				CLANG_CXX_LIBRARY = "libc++";
				CLANG_ENABLE_MODULES = YES;
				CLANG_ENABLE_OBJC_ARC = YES;
				CLANG_ENABLE_OBJC_WEAK = YES;
				CLANG_WARN_BLOCK_CAPTURE_AUTORELEASING = YES;
				CLANG_WARN_BOOL_CONVERSION = YES;
				CLANG_WARN_COMMA = YES;
				CLANG_WARN_CONSTANT_CONVERSION = YES;
				CLANG_WARN_DEPRECATED_OBJC_IMPLEMENTATIONS = YES;
				CLANG_WARN_DIRECT_OBJC_ISA_USAGE = YES_ERROR;
				CLANG_WARN_DOCUMENTATION_COMMENTS = YES;
				CLANG_WARN_EMPTY_BODY = YES;
				CLANG_WARN_ENUM_CONVERSION = YES;
				CLANG_WARN_INFINITE_RECURSION = YES;
				CLANG_WARN_INT_CONVERSION = YES;
				CLANG_WARN_NON_LITERAL_NULL_CONVERSION = YES;
				CLANG_WARN_OBJC_IMPLICIT_RETAIN_SELF = YES;
				CLANG_WARN_OBJC_LITERAL_CONVERSION = YES;
				CLANG_WARN_OBJC_ROOT_CLASS = YES_ERROR;
				CLANG_WARN_RANGE_LOOP_ANALYSIS = YES;
				CLANG_WARN_STRICT_PROTOTYPES = YES;
				CLANG_WARN_SUSPICIOUS_MOVE = YES;
				CLANG_WARN_UNGUARDED_AVAILABILITY = YES_AGGRESSIVE;
				CLANG_WARN_UNREACHABLE_CODE = YES;
				CLANG_WARN__DUPLICATE_METHOD_MATCH = YES;
				CODE_SIGN_IDENTITY = "iPhone Developer";
				COPY_PHASE_STRIP = NO;
				DEBUG_INFORMATION_FORMAT = "dwarf-with-dsym";
				ENABLE_NS_ASSERTIONS = NO;
				ENABLE_STRICT_OBJC_MSGSEND = YES;
				GCC_C_LANGUAGE_STANDARD = gnu11;
				GCC_NO_COMMON_BLOCKS = YES;
				GCC_WARN_64_TO_32_BIT_CONVERSION = YES;
				GCC_WARN_ABOUT_RETURN_TYPE = YES_ERROR;
				GCC_WARN_UNDECLARED_SELECTOR = YES;
				GCC_WARN_UNINITIALIZED_AUTOS = YES_AGGRESSIVE;
				GCC_WARN_UNUSED_FUNCTION = YES;
				GCC_WARN_UNUSED_VARIABLE = YES;
				IPHONEOS_DEPLOYMENT_TARGET = 11.4;
				MTL_ENABLE_DEBUG_INFO = NO;
				SDKROOT = iphoneos;
				SWIFT_COMPILATION_MODE = wholemodule;
				SWIFT_OPTIMIZATION_LEVEL = "-O";
				VALIDATE_PRODUCT = YES;
			};
			name = Release;
		};
		923E5B8A20E70C3C007D9AA4 /* Debug */ = {
			isa = XCBuildConfiguration;
			baseConfigurationReference = 837479F3E71BD16069AABBF3 /* Pods-taiwan.debug.xcconfig */;
			buildSettings = {
				ASSETCATALOG_COMPILER_APPICON_NAME = AppIcon;
				CODE_SIGN_STYLE = Automatic;
				DEVELOPMENT_TEAM = 8Z2W5ZDA6N;
				INFOPLIST_FILE = taiwan/Info.plist;
				LD_RUNPATH_SEARCH_PATHS = "$(inherited) @executable_path/Frameworks";
				PRODUCT_BUNDLE_IDENTIFIER = com.meibanfa.taiwan;
				PRODUCT_NAME = "$(TARGET_NAME)";
				SWIFT_VERSION = 4.0;
				TARGETED_DEVICE_FAMILY = "1,2";
			};
			name = Debug;
		};
		923E5B8B20E70C3C007D9AA4 /* Release */ = {
			isa = XCBuildConfiguration;
			baseConfigurationReference = 71E46CA831514DEF9692441A /* Pods-taiwan.release.xcconfig */;
			buildSettings = {
				ASSETCATALOG_COMPILER_APPICON_NAME = AppIcon;
				CODE_SIGN_STYLE = Automatic;
				DEVELOPMENT_TEAM = 8Z2W5ZDA6N;
				INFOPLIST_FILE = taiwan/Info.plist;
				LD_RUNPATH_SEARCH_PATHS = "$(inherited) @executable_path/Frameworks";
				PRODUCT_BUNDLE_IDENTIFIER = com.meibanfa.taiwan;
				PRODUCT_NAME = "$(TARGET_NAME)";
				SWIFT_VERSION = 4.0;
				TARGETED_DEVICE_FAMILY = "1,2";
			};
			name = Release;
		};
/* End XCBuildConfiguration section */

/* Begin XCConfigurationList section */
		923E5B7220E70C2E007D9AA4 /* Build configuration list for PBXProject "taiwan" */ = {
			isa = XCConfigurationList;
			buildConfigurations = (
				923E5B8720E70C3C007D9AA4 /* Debug */,
				923E5B8820E70C3C007D9AA4 /* Release */,
			);
			defaultConfigurationIsVisible = 0;
			defaultConfigurationName = Release;
		};
		923E5B8920E70C3C007D9AA4 /* Build configuration list for PBXNativeTarget "taiwan" */ = {
			isa = XCConfigurationList;
			buildConfigurations = (
				923E5B8A20E70C3C007D9AA4 /* Debug */,
				923E5B8B20E70C3C007D9AA4 /* Release */,
			);
			defaultConfigurationIsVisible = 0;
			defaultConfigurationName = Release;
		};
/* End XCConfigurationList section */
	};
	rootObject = 923E5B6F20E70C2E007D9AA4 /* Project object */;
}
